
Microsoft Visual Studio Solution File, Format Version 12.00
# Visual Studio Version 17
VisualStudioVersion = 17.13.35818.85 d17.13
MinimumVisualStudioVersion = 10.0.40219.1
Project("{FAE04EC0-301F-11D3-BF4B-00C04F79EFBC}") = "FazendoPeloChat", "FazendoPeloChat\FazendoPeloChat.csproj", "{43BCE3DD-6AFA-4884-AAC6-7A9B7DC1D176}"
EndProject
Global
	GlobalSection(SolutionConfigurationPlatforms) = preSolution
		Debug|Any CPU = Debug|Any CPU
		Release|Any CPU = Release|Any CPU
	EndGlobalSection
	GlobalSection(ProjectConfigurationPlatforms) = postSolution
		{43BCE3DD-6AFA-4884-AAC6-7A9B7DC1D176}.Debug|Any CPU.ActiveCfg = Debug|Any CPU
		{43BCE3DD-6AFA-4884-AAC6-7A9B7DC1D176}.Debug|Any CPU.Build.0 = Debug|Any CPU
		{43BCE3DD-6AFA-4884-AAC6-7A9B7DC1D176}.Release|Any CPU.ActiveCfg = Release|Any CPU
		{43BCE3DD-6AFA-4884-AAC6-7A9B7DC1D176}.Release|Any CPU.Build.0 = Release|Any CPU
	EndGlobalSection
	GlobalSection(SolutionProperties) = preSolution
		HideSolutionNode = FALSE
	EndGlobalSection
	GlobalSection(ExtensibilityGlobals) = postSolution
		SolutionGuid = {0D53522D-A732-4D8B-94A9-BE6D7711A053}
	EndGlobalSection
EndGlobal
